
Microsoft Visual Studio Solution File, Format Version 12.00
# Visual Studio 14
VisualStudioVersion = 14.0.25420.1
MinimumVisualStudioVersion = 10.0.40219.1
Project("{FAE04EC0-301F-11D3-BF4B-00C04F79EFBC}") = "QData.LinqConverter", "QData.LinqConverter\QData.LinqConverter.csproj", "{2A69873B-A671-4DA6-BB14-F9839E07E386}"
EndProject
Project("{FAE04EC0-301F-11D3-BF4B-00C04F79EFBC}") = "QData.Client", "QData.Client\QData.Client.csproj", "{D7899103-5C66-42B3-A80B-43935B91EC7E}"
EndProject
Project("{FAE04EC0-301F-11D3-BF4B-00C04F79EFBC}") = "Qdata.Contract", "Qdata.Contract\Qdata.Contract.csproj", "{91C56CF0-5343-4E8C-8C6D-FAFBAF2BEDAA}"
EndProject
Project("{FAE04EC0-301F-11D3-BF4B-00C04F79EFBC}") = "QData.ExpressionProvider", "QData.ExpressionProvider\QData.ExpressionProvider.csproj", "{70E07DC3-22D6-400B-B5A1-C3BEABF406D8}"
EndProject
Project("{FAE04EC0-301F-11D3-BF4B-00C04F79EFBC}") = "QData.Querable.Extentions", "QData.Querable.Extentions\QData.Querable.Extentions.csproj", "{6EF17A95-8160-4C31-9882-DF71F025CEE7}"
EndProject
Project("{FAE04EC0-301F-11D3-BF4B-00C04F79EFBC}") = "QData.QueryContainerProvider", "QData.QueryContainerProvider\QData.QueryContainerProvider.csproj", "{D370370B-686F-411E-A6CE-843748C8D3C5}"
EndProject
Project("{FAE04EC0-301F-11D3-BF4B-00C04F79EFBC}") = "QData.QueryContainerProvider.Test", "QData.QueryContainerProvider.Test\QData.QueryContainerProvider.Test.csproj", "{4FF5221B-559B-4C03-8159-0EFF878A6CD8}"
EndProject
Global
	GlobalSection(SolutionConfigurationPlatforms) = preSolution
		Debug|Any CPU = Debug|Any CPU
		Release|Any CPU = Release|Any CPU
	EndGlobalSection
	GlobalSection(ProjectConfigurationPlatforms) = postSolution
		{2A69873B-A671-4DA6-BB14-F9839E07E386}.Debug|Any CPU.ActiveCfg = Debug|Any CPU
		{2A69873B-A671-4DA6-BB14-F9839E07E386}.Debug|Any CPU.Build.0 = Debug|Any CPU
		{2A69873B-A671-4DA6-BB14-F9839E07E386}.Release|Any CPU.ActiveCfg = Release|Any CPU
		{2A69873B-A671-4DA6-BB14-F9839E07E386}.Release|Any CPU.Build.0 = Release|Any CPU
		{D7899103-5C66-42B3-A80B-43935B91EC7E}.Debug|Any CPU.ActiveCfg = Debug|Any CPU
		{D7899103-5C66-42B3-A80B-43935B91EC7E}.Debug|Any CPU.Build.0 = Debug|Any CPU
		{D7899103-5C66-42B3-A80B-43935B91EC7E}.Release|Any CPU.ActiveCfg = Release|Any CPU
		{D7899103-5C66-42B3-A80B-43935B91EC7E}.Release|Any CPU.Build.0 = Release|Any CPU
		{91C56CF0-5343-4E8C-8C6D-FAFBAF2BEDAA}.Debug|Any CPU.ActiveCfg = Debug|Any CPU
		{91C56CF0-5343-4E8C-8C6D-FAFBAF2BEDAA}.Debug|Any CPU.Build.0 = Debug|Any CPU
		{91C56CF0-5343-4E8C-8C6D-FAFBAF2BEDAA}.Release|Any CPU.ActiveCfg = Release|Any CPU
		{91C56CF0-5343-4E8C-8C6D-FAFBAF2BEDAA}.Release|Any CPU.Build.0 = Release|Any CPU
		{70E07DC3-22D6-400B-B5A1-C3BEABF406D8}.Debug|Any CPU.ActiveCfg = Debug|Any CPU
		{70E07DC3-22D6-400B-B5A1-C3BEABF406D8}.Debug|Any CPU.Build.0 = Debug|Any CPU
		{70E07DC3-22D6-400B-B5A1-C3BEABF406D8}.Release|Any CPU.ActiveCfg = Release|Any CPU
		{70E07DC3-22D6-400B-B5A1-C3BEABF406D8}.Release|Any CPU.Build.0 = Release|Any CPU
		{6EF17A95-8160-4C31-9882-DF71F025CEE7}.Debug|Any CPU.ActiveCfg = Debug|Any CPU
		{6EF17A95-8160-4C31-9882-DF71F025CEE7}.Debug|Any CPU.Build.0 = Debug|Any CPU
		{6EF17A95-8160-4C31-9882-DF71F025CEE7}.Release|Any CPU.ActiveCfg = Release|Any CPU
		{6EF17A95-8160-4C31-9882-DF71F025CEE7}.Release|Any CPU.Build.0 = Release|Any CPU
		{D370370B-686F-411E-A6CE-843748C8D3C5}.Debug|Any CPU.ActiveCfg = Debug|Any CPU
		{D370370B-686F-411E-A6CE-843748C8D3C5}.Debug|Any CPU.Build.0 = Debug|Any CPU
		{D370370B-686F-411E-A6CE-843748C8D3C5}.Release|Any CPU.ActiveCfg = Release|Any CPU
		{D370370B-686F-411E-A6CE-843748C8D3C5}.Release|Any CPU.Build.0 = Release|Any CPU
		{4FF5221B-559B-4C03-8159-0EFF878A6CD8}.Debug|Any CPU.ActiveCfg = Debug|Any CPU
		{4FF5221B-559B-4C03-8159-0EFF878A6CD8}.Debug|Any CPU.Build.0 = Debug|Any CPU
		{4FF5221B-559B-4C03-8159-0EFF878A6CD8}.Release|Any CPU.ActiveCfg = Release|Any CPU
		{4FF5221B-559B-4C03-8159-0EFF878A6CD8}.Release|Any CPU.Build.0 = Release|Any CPU
	EndGlobalSection
	GlobalSection(SolutionProperties) = preSolution
		HideSolutionNode = FALSE
	EndGlobalSection
EndGlobal
